// !$*UTF8*$!
{
	archiveVersion = 1;
	classes = {
	};
	objectVersion = 46;
	objects = {

/* Begin PBXBuildFile section */
		04014DBE1BDF1CA100C2DCC5 /* SettingsViewController.m in Sources */ = {isa = PBXBuildFile; fileRef = 04014DBD1BDF1CA100C2DCC5 /* SettingsViewController.m */; };
		04482EFE1BE01C1F008C1CFD /* FullScreenPhotoViewController.m in Sources */ = {isa = PBXBuildFile; fileRef = 04482EFD1BE01C1F008C1CFD /* FullScreenPhotoViewController.m */; };
		048506401BDDC1B000E3443E /* Photo.m in Sources */ = {isa = PBXBuildFile; fileRef = 0485063F1BDDC1B000E3443E /* Photo.m */; };
		048506421BDDE56300E3443E /* MapKit.framework in Frameworks */ = {isa = PBXBuildFile; fileRef = 048506411BDDE56300E3443E /* MapKit.framework */; };
		04A869CC1BD99D8500D7C883 /* main.m in Sources */ = {isa = PBXBuildFile; fileRef = 04A869CB1BD99D8500D7C883 /* main.m */; };
		04A869CF1BD99D8500D7C883 /* AppDelegate.m in Sources */ = {isa = PBXBuildFile; fileRef = 04A869CE1BD99D8500D7C883 /* AppDelegate.m */; };
		04A869D51BD99D8500D7C883 /* Main.storyboard in Resources */ = {isa = PBXBuildFile; fileRef = 04A869D31BD99D8500D7C883 /* Main.storyboard */; };
		04A869D71BD99D8500D7C883 /* Assets.xcassets in Resources */ = {isa = PBXBuildFile; fileRef = 04A869D61BD99D8500D7C883 /* Assets.xcassets */; };
		04A869DA1BD99D8500D7C883 /* LaunchScreen.storyboard in Resources */ = {isa = PBXBuildFile; fileRef = 04A869D81BD99D8500D7C883 /* LaunchScreen.storyboard */; };
		04A869E51BD99D8500D7C883 /* DishTests.m in Sources */ = {isa = PBXBuildFile; fileRef = 04A869E41BD99D8500D7C883 /* DishTests.m */; };
		04A869F01BD99D8500D7C883 /* DishUITests.m in Sources */ = {isa = PBXBuildFile; fileRef = 04A869EF1BD99D8500D7C883 /* DishUITests.m */; };
		04A869FF1BD99DC900D7C883 /* FeedViewController.m in Sources */ = {isa = PBXBuildFile; fileRef = 04A869FE1BD99DC900D7C883 /* FeedViewController.m */; };
		04A86A021BD99E2B00D7C883 /* TakePhotoViewController.m in Sources */ = {isa = PBXBuildFile; fileRef = 04A86A011BD99E2B00D7C883 /* TakePhotoViewController.m */; };
		04A86A051BD99E6300D7C883 /* TrendingViewController.m in Sources */ = {isa = PBXBuildFile; fileRef = 04A86A041BD99E6300D7C883 /* TrendingViewController.m */; };
		04A86A0E1BD99F9700D7C883 /* NotificationsViewController.m in Sources */ = {isa = PBXBuildFile; fileRef = 04A86A0D1BD99F9700D7C883 /* NotificationsViewController.m */; };
		04A86A111BD99FC100D7C883 /* ProfileViewController.m in Sources */ = {isa = PBXBuildFile; fileRef = 04A86A101BD99FC100D7C883 /* ProfileViewController.m */; };
		04A86A1A1BD9A25E00D7C883 /* Notifications.storyboard in Resources */ = {isa = PBXBuildFile; fileRef = 04A86A181BD9A25E00D7C883 /* Notifications.storyboard */; };
		04A86A1D1BD9A27400D7C883 /* Camera.storyboard in Resources */ = {isa = PBXBuildFile; fileRef = 04A86A1B1BD9A27400D7C883 /* Camera.storyboard */; };
		04A86A201BD9A28100D7C883 /* Trending.storyboard in Resources */ = {isa = PBXBuildFile; fileRef = 04A86A1E1BD9A28100D7C883 /* Trending.storyboard */; };
		04A86A231BD9A29300D7C883 /* Feed.storyboard in Resources */ = {isa = PBXBuildFile; fileRef = 04A86A211BD9A29300D7C883 /* Feed.storyboard */; };
		04A86A2B1BD9A71300D7C883 /* Bolts.framework in Frameworks */ = {isa = PBXBuildFile; fileRef = 04A86A241BD9A71300D7C883 /* Bolts.framework */; };
		04A86A2C1BD9A71300D7C883 /* Parse.framework in Frameworks */ = {isa = PBXBuildFile; fileRef = 04A86A251BD9A71300D7C883 /* Parse.framework */; };
		04A86A2D1BD9A71300D7C883 /* ParseCrashReporting.framework in Frameworks */ = {isa = PBXBuildFile; fileRef = 04A86A261BD9A71300D7C883 /* ParseCrashReporting.framework */; };
		04A86A2E1BD9A71300D7C883 /* ParseFacebookUtils.framework in Frameworks */ = {isa = PBXBuildFile; fileRef = 04A86A271BD9A71300D7C883 /* ParseFacebookUtils.framework */; };
		04A86A2F1BD9A71300D7C883 /* ParseFacebookUtilsV4.framework in Frameworks */ = {isa = PBXBuildFile; fileRef = 04A86A281BD9A71300D7C883 /* ParseFacebookUtilsV4.framework */; };
		04A86A301BD9A71300D7C883 /* ParseTwitterUtils.framework in Frameworks */ = {isa = PBXBuildFile; fileRef = 04A86A291BD9A71300D7C883 /* ParseTwitterUtils.framework */; };
		04A86A311BD9A71300D7C883 /* ParseUI.framework in Frameworks */ = {isa = PBXBuildFile; fileRef = 04A86A2A1BD9A71300D7C883 /* ParseUI.framework */; };
		04A86A341BD9A77A00D7C883 /* AudioToolbox.framework in Frameworks */ = {isa = PBXBuildFile; fileRef = 04A86A331BD9A77A00D7C883 /* AudioToolbox.framework */; };
		04A86A361BD9A78300D7C883 /* CFNetwork.framework in Frameworks */ = {isa = PBXBuildFile; fileRef = 04A86A351BD9A78300D7C883 /* CFNetwork.framework */; };
		04A86A381BD9A78C00D7C883 /* CoreGraphics.framework in Frameworks */ = {isa = PBXBuildFile; fileRef = 04A86A371BD9A78C00D7C883 /* CoreGraphics.framework */; };
		04A86A3A1BD9A79300D7C883 /* CoreLocation.framework in Frameworks */ = {isa = PBXBuildFile; fileRef = 04A86A391BD9A79300D7C883 /* CoreLocation.framework */; };
		04A86A3C1BD9A79B00D7C883 /* QuartzCore.framework in Frameworks */ = {isa = PBXBuildFile; fileRef = 04A86A3B1BD9A79B00D7C883 /* QuartzCore.framework */; };
		04A86A3E1BD9A7A300D7C883 /* Security.framework in Frameworks */ = {isa = PBXBuildFile; fileRef = 04A86A3D1BD9A7A300D7C883 /* Security.framework */; };
		04A86A401BD9A7AA00D7C883 /* StoreKit.framework in Frameworks */ = {isa = PBXBuildFile; fileRef = 04A86A3F1BD9A7AA00D7C883 /* StoreKit.framework */; };
		04A86A421BD9A7B200D7C883 /* SystemConfiguration.framework in Frameworks */ = {isa = PBXBuildFile; fileRef = 04A86A411BD9A7B200D7C883 /* SystemConfiguration.framework */; };
		04A86A441BD9A7BB00D7C883 /* libz.tbd in Frameworks */ = {isa = PBXBuildFile; fileRef = 04A86A431BD9A7BB00D7C883 /* libz.tbd */; };
		04A86A461BD9A7CC00D7C883 /* libsqlite3.tbd in Frameworks */ = {isa = PBXBuildFile; fileRef = 04A86A451BD9A7CC00D7C883 /* libsqlite3.tbd */; };
		04A86A481BD9A7DA00D7C883 /* Accounts.framework in Frameworks */ = {isa = PBXBuildFile; fileRef = 04A86A471BD9A7DA00D7C883 /* Accounts.framework */; };
		04A86A4A1BD9A7DF00D7C883 /* Social.framework in Frameworks */ = {isa = PBXBuildFile; fileRef = 04A86A491BD9A7DF00D7C883 /* Social.framework */; };
		04B4B7C91BE1764B000B5990 /* CommentsViewController.m in Sources */ = {isa = PBXBuildFile; fileRef = 04B4B7C81BE1764B000B5990 /* CommentsViewController.m */; };
		AC1A543D1BDEF1820095B087 /* Profile.storyboard in Resources */ = {isa = PBXBuildFile; fileRef = AC1A543B1BDEF1820095B087 /* Profile.storyboard */; };
		AC1A54401BDF28D80095B087 /* DishTypeViewController.m in Sources */ = {isa = PBXBuildFile; fileRef = AC1A543F1BDF28D80095B087 /* DishTypeViewController.m */; };
		AC1A54431BDF39A50095B087 /* DietTypeViewController.m in Sources */ = {isa = PBXBuildFile; fileRef = AC1A54421BDF39A50095B087 /* DietTypeViewController.m */; };
		ACDDC2AD1BDEBF5000C8AA7F /* SetLocationViewController.m in Sources */ = {isa = PBXBuildFile; fileRef = ACDDC2AC1BDEBF5000C8AA7F /* SetLocationViewController.m */; };
		ACFD77651BDDC3E500511AD3 /* PostPhotoViewController.m in Sources */ = {isa = PBXBuildFile; fileRef = ACFD77641BDDC3E500511AD3 /* PostPhotoViewController.m */; };
		CD3A9A5C1BE19F1800C840BA /* LoginInformation.m in Sources */ = {isa = PBXBuildFile; fileRef = CD3A9A5B1BE19F1800C840BA /* LoginInformation.m */; };
		CD3A9A621BE1CA9A00C840BA /* RegistrationViewController.m in Sources */ = {isa = PBXBuildFile; fileRef = CD3A9A611BE1CA9A00C840BA /* RegistrationViewController.m */; };
		CD8CABD01BE0159A00E9B48C /* TrendingTableViewCell.m in Sources */ = {isa = PBXBuildFile; fileRef = CD8CABCF1BE0159A00E9B48C /* TrendingTableViewCell.m */; };
		CD8CABD81BE06E8500E9B48C /* LoginViewController.m in Sources */ = {isa = PBXBuildFile; fileRef = CD8CABD71BE06E8500E9B48C /* LoginViewController.m */; };
		CD8CABDA1BE06EE100E9B48C /* LoginAndRegistration.storyboard in Resources */ = {isa = PBXBuildFile; fileRef = CD8CABD91BE06EE100E9B48C /* LoginAndRegistration.storyboard */; };
/* End PBXBuildFile section */

/* Begin PBXContainerItemProxy section */
		04A869E11BD99D8500D7C883 /* PBXContainerItemProxy */ = {
			isa = PBXContainerItemProxy;
			containerPortal = 04A869BF1BD99D8500D7C883 /* Project object */;
			proxyType = 1;
			remoteGlobalIDString = 04A869C61BD99D8500D7C883;
			remoteInfo = Dish;
		};
		04A869EC1BD99D8500D7C883 /* PBXContainerItemProxy */ = {
			isa = PBXContainerItemProxy;
			containerPortal = 04A869BF1BD99D8500D7C883 /* Project object */;
			proxyType = 1;
			remoteGlobalIDString = 04A869C61BD99D8500D7C883;
			remoteInfo = Dish;
		};
/* End PBXContainerItemProxy section */

/* Begin PBXFileReference section */
		04014DBC1BDF1CA100C2DCC5 /* SettingsViewController.h */ = {isa = PBXFileReference; fileEncoding = 4; lastKnownFileType = sourcecode.c.h; path = SettingsViewController.h; sourceTree = "<group>"; };
		04014DBD1BDF1CA100C2DCC5 /* SettingsViewController.m */ = {isa = PBXFileReference; fileEncoding = 4; lastKnownFileType = sourcecode.c.objc; path = SettingsViewController.m; sourceTree = "<group>"; };
		04482EFC1BE01C1F008C1CFD /* FullScreenPhotoViewController.h */ = {isa = PBXFileReference; fileEncoding = 4; lastKnownFileType = sourcecode.c.h; path = FullScreenPhotoViewController.h; sourceTree = "<group>"; };
		04482EFD1BE01C1F008C1CFD /* FullScreenPhotoViewController.m */ = {isa = PBXFileReference; fileEncoding = 4; lastKnownFileType = sourcecode.c.objc; path = FullScreenPhotoViewController.m; sourceTree = "<group>"; };
		0485063E1BDDC1B000E3443E /* Photo.h */ = {isa = PBXFileReference; fileEncoding = 4; lastKnownFileType = sourcecode.c.h; path = Photo.h; sourceTree = "<group>"; };
		0485063F1BDDC1B000E3443E /* Photo.m */ = {isa = PBXFileReference; fileEncoding = 4; lastKnownFileType = sourcecode.c.objc; path = Photo.m; sourceTree = "<group>"; };
		048506411BDDE56300E3443E /* MapKit.framework */ = {isa = PBXFileReference; lastKnownFileType = wrapper.framework; name = MapKit.framework; path = System/Library/Frameworks/MapKit.framework; sourceTree = SDKROOT; };
		04A869C71BD99D8500D7C883 /* Dish.app */ = {isa = PBXFileReference; explicitFileType = wrapper.application; includeInIndex = 0; path = Dish.app; sourceTree = BUILT_PRODUCTS_DIR; };
		04A869CB1BD99D8500D7C883 /* main.m */ = {isa = PBXFileReference; lastKnownFileType = sourcecode.c.objc; path = main.m; sourceTree = "<group>"; };
		04A869CD1BD99D8500D7C883 /* AppDelegate.h */ = {isa = PBXFileReference; lastKnownFileType = sourcecode.c.h; path = AppDelegate.h; sourceTree = "<group>"; };
		04A869CE1BD99D8500D7C883 /* AppDelegate.m */ = {isa = PBXFileReference; lastKnownFileType = sourcecode.c.objc; path = AppDelegate.m; sourceTree = "<group>"; };
		04A869D41BD99D8500D7C883 /* Base */ = {isa = PBXFileReference; lastKnownFileType = file.storyboard; name = Base; path = Base.lproj/Main.storyboard; sourceTree = "<group>"; };
		04A869D61BD99D8500D7C883 /* Assets.xcassets */ = {isa = PBXFileReference; lastKnownFileType = folder.assetcatalog; path = Assets.xcassets; sourceTree = "<group>"; };
		04A869D91BD99D8500D7C883 /* Base */ = {isa = PBXFileReference; lastKnownFileType = file.storyboard; name = Base; path = Base.lproj/LaunchScreen.storyboard; sourceTree = "<group>"; };
		04A869DB1BD99D8500D7C883 /* Info.plist */ = {isa = PBXFileReference; lastKnownFileType = text.plist.xml; path = Info.plist; sourceTree = "<group>"; };
		04A869E01BD99D8500D7C883 /* DishTests.xctest */ = {isa = PBXFileReference; explicitFileType = wrapper.cfbundle; includeInIndex = 0; path = DishTests.xctest; sourceTree = BUILT_PRODUCTS_DIR; };
		04A869E41BD99D8500D7C883 /* DishTests.m */ = {isa = PBXFileReference; lastKnownFileType = sourcecode.c.objc; path = DishTests.m; sourceTree = "<group>"; };
		04A869E61BD99D8500D7C883 /* Info.plist */ = {isa = PBXFileReference; lastKnownFileType = text.plist.xml; path = Info.plist; sourceTree = "<group>"; };
		04A869EB1BD99D8500D7C883 /* DishUITests.xctest */ = {isa = PBXFileReference; explicitFileType = wrapper.cfbundle; includeInIndex = 0; path = DishUITests.xctest; sourceTree = BUILT_PRODUCTS_DIR; };
		04A869EF1BD99D8500D7C883 /* DishUITests.m */ = {isa = PBXFileReference; lastKnownFileType = sourcecode.c.objc; path = DishUITests.m; sourceTree = "<group>"; };
		04A869F11BD99D8500D7C883 /* Info.plist */ = {isa = PBXFileReference; lastKnownFileType = text.plist.xml; path = Info.plist; sourceTree = "<group>"; };
		04A869FD1BD99DC900D7C883 /* FeedViewController.h */ = {isa = PBXFileReference; fileEncoding = 4; lastKnownFileType = sourcecode.c.h; path = FeedViewController.h; sourceTree = "<group>"; };
		04A869FE1BD99DC900D7C883 /* FeedViewController.m */ = {isa = PBXFileReference; fileEncoding = 4; lastKnownFileType = sourcecode.c.objc; path = FeedViewController.m; sourceTree = "<group>"; };
		04A86A001BD99E2B00D7C883 /* TakePhotoViewController.h */ = {isa = PBXFileReference; fileEncoding = 4; lastKnownFileType = sourcecode.c.h; path = TakePhotoViewController.h; sourceTree = "<group>"; };
		04A86A011BD99E2B00D7C883 /* TakePhotoViewController.m */ = {isa = PBXFileReference; fileEncoding = 4; lastKnownFileType = sourcecode.c.objc; path = TakePhotoViewController.m; sourceTree = "<group>"; };
		04A86A031BD99E6300D7C883 /* TrendingViewController.h */ = {isa = PBXFileReference; fileEncoding = 4; lastKnownFileType = sourcecode.c.h; path = TrendingViewController.h; sourceTree = "<group>"; };
		04A86A041BD99E6300D7C883 /* TrendingViewController.m */ = {isa = PBXFileReference; fileEncoding = 4; lastKnownFileType = sourcecode.c.objc; path = TrendingViewController.m; sourceTree = "<group>"; };
		04A86A0C1BD99F9700D7C883 /* NotificationsViewController.h */ = {isa = PBXFileReference; fileEncoding = 4; lastKnownFileType = sourcecode.c.h; path = NotificationsViewController.h; sourceTree = "<group>"; };
		04A86A0D1BD99F9700D7C883 /* NotificationsViewController.m */ = {isa = PBXFileReference; fileEncoding = 4; lastKnownFileType = sourcecode.c.objc; path = NotificationsViewController.m; sourceTree = "<group>"; };
		04A86A0F1BD99FC100D7C883 /* ProfileViewController.h */ = {isa = PBXFileReference; fileEncoding = 4; lastKnownFileType = sourcecode.c.h; path = ProfileViewController.h; sourceTree = "<group>"; };
		04A86A101BD99FC100D7C883 /* ProfileViewController.m */ = {isa = PBXFileReference; fileEncoding = 4; lastKnownFileType = sourcecode.c.objc; path = ProfileViewController.m; sourceTree = "<group>"; };
		04A86A191BD9A25E00D7C883 /* Base */ = {isa = PBXFileReference; lastKnownFileType = file.storyboard; name = Base; path = Base.lproj/Notifications.storyboard; sourceTree = "<group>"; };
		04A86A1C1BD9A27400D7C883 /* Base */ = {isa = PBXFileReference; lastKnownFileType = file.storyboard; name = Base; path = Base.lproj/Camera.storyboard; sourceTree = "<group>"; };
		04A86A1F1BD9A28100D7C883 /* Base */ = {isa = PBXFileReference; lastKnownFileType = file.storyboard; name = Base; path = Base.lproj/Trending.storyboard; sourceTree = "<group>"; };
		04A86A221BD9A29300D7C883 /* Base */ = {isa = PBXFileReference; lastKnownFileType = file.storyboard; name = Base; path = Base.lproj/Feed.storyboard; sourceTree = "<group>"; };
		04A86A241BD9A71300D7C883 /* Bolts.framework */ = {isa = PBXFileReference; lastKnownFileType = wrapper.framework; path = Bolts.framework; sourceTree = "<group>"; };
		04A86A251BD9A71300D7C883 /* Parse.framework */ = {isa = PBXFileReference; lastKnownFileType = wrapper.framework; path = Parse.framework; sourceTree = "<group>"; };
		04A86A261BD9A71300D7C883 /* ParseCrashReporting.framework */ = {isa = PBXFileReference; lastKnownFileType = wrapper.framework; path = ParseCrashReporting.framework; sourceTree = "<group>"; };
		04A86A271BD9A71300D7C883 /* ParseFacebookUtils.framework */ = {isa = PBXFileReference; lastKnownFileType = wrapper.framework; path = ParseFacebookUtils.framework; sourceTree = "<group>"; };
		04A86A281BD9A71300D7C883 /* ParseFacebookUtilsV4.framework */ = {isa = PBXFileReference; lastKnownFileType = wrapper.framework; path = ParseFacebookUtilsV4.framework; sourceTree = "<group>"; };
		04A86A291BD9A71300D7C883 /* ParseTwitterUtils.framework */ = {isa = PBXFileReference; lastKnownFileType = wrapper.framework; path = ParseTwitterUtils.framework; sourceTree = "<group>"; };
		04A86A2A1BD9A71300D7C883 /* ParseUI.framework */ = {isa = PBXFileReference; lastKnownFileType = wrapper.framework; path = ParseUI.framework; sourceTree = "<group>"; };
		04A86A331BD9A77A00D7C883 /* AudioToolbox.framework */ = {isa = PBXFileReference; lastKnownFileType = wrapper.framework; name = AudioToolbox.framework; path = System/Library/Frameworks/AudioToolbox.framework; sourceTree = SDKROOT; };
		04A86A351BD9A78300D7C883 /* CFNetwork.framework */ = {isa = PBXFileReference; lastKnownFileType = wrapper.framework; name = CFNetwork.framework; path = System/Library/Frameworks/CFNetwork.framework; sourceTree = SDKROOT; };
		04A86A371BD9A78C00D7C883 /* CoreGraphics.framework */ = {isa = PBXFileReference; lastKnownFileType = wrapper.framework; name = CoreGraphics.framework; path = System/Library/Frameworks/CoreGraphics.framework; sourceTree = SDKROOT; };
		04A86A391BD9A79300D7C883 /* CoreLocation.framework */ = {isa = PBXFileReference; lastKnownFileType = wrapper.framework; name = CoreLocation.framework; path = System/Library/Frameworks/CoreLocation.framework; sourceTree = SDKROOT; };
		04A86A3B1BD9A79B00D7C883 /* QuartzCore.framework */ = {isa = PBXFileReference; lastKnownFileType = wrapper.framework; name = QuartzCore.framework; path = System/Library/Frameworks/QuartzCore.framework; sourceTree = SDKROOT; };
		04A86A3D1BD9A7A300D7C883 /* Security.framework */ = {isa = PBXFileReference; lastKnownFileType = wrapper.framework; name = Security.framework; path = System/Library/Frameworks/Security.framework; sourceTree = SDKROOT; };
		04A86A3F1BD9A7AA00D7C883 /* StoreKit.framework */ = {isa = PBXFileReference; lastKnownFileType = wrapper.framework; name = StoreKit.framework; path = System/Library/Frameworks/StoreKit.framework; sourceTree = SDKROOT; };
		04A86A411BD9A7B200D7C883 /* SystemConfiguration.framework */ = {isa = PBXFileReference; lastKnownFileType = wrapper.framework; name = SystemConfiguration.framework; path = System/Library/Frameworks/SystemConfiguration.framework; sourceTree = SDKROOT; };
		04A86A431BD9A7BB00D7C883 /* libz.tbd */ = {isa = PBXFileReference; lastKnownFileType = "sourcecode.text-based-dylib-definition"; name = libz.tbd; path = usr/lib/libz.tbd; sourceTree = SDKROOT; };
		04A86A451BD9A7CC00D7C883 /* libsqlite3.tbd */ = {isa = PBXFileReference; lastKnownFileType = "sourcecode.text-based-dylib-definition"; name = libsqlite3.tbd; path = usr/lib/libsqlite3.tbd; sourceTree = SDKROOT; };
		04A86A471BD9A7DA00D7C883 /* Accounts.framework */ = {isa = PBXFileReference; lastKnownFileType = wrapper.framework; name = Accounts.framework; path = System/Library/Frameworks/Accounts.framework; sourceTree = SDKROOT; };
		04A86A491BD9A7DF00D7C883 /* Social.framework */ = {isa = PBXFileReference; lastKnownFileType = wrapper.framework; name = Social.framework; path = System/Library/Frameworks/Social.framework; sourceTree = SDKROOT; };
		04B4B7C71BE1764B000B5990 /* CommentsViewController.h */ = {isa = PBXFileReference; fileEncoding = 4; lastKnownFileType = sourcecode.c.h; path = CommentsViewController.h; sourceTree = "<group>"; };
		04B4B7C81BE1764B000B5990 /* CommentsViewController.m */ = {isa = PBXFileReference; fileEncoding = 4; lastKnownFileType = sourcecode.c.objc; path = CommentsViewController.m; sourceTree = "<group>"; };
		AC1A543C1BDEF1820095B087 /* Base */ = {isa = PBXFileReference; lastKnownFileType = file.storyboard; name = Base; path = Base.lproj/Profile.storyboard; sourceTree = "<group>"; };
		AC1A543E1BDF28D80095B087 /* DishTypeViewController.h */ = {isa = PBXFileReference; fileEncoding = 4; lastKnownFileType = sourcecode.c.h; path = DishTypeViewController.h; sourceTree = "<group>"; };
		AC1A543F1BDF28D80095B087 /* DishTypeViewController.m */ = {isa = PBXFileReference; fileEncoding = 4; lastKnownFileType = sourcecode.c.objc; path = DishTypeViewController.m; sourceTree = "<group>"; };
		AC1A54411BDF39A50095B087 /* DietTypeViewController.h */ = {isa = PBXFileReference; fileEncoding = 4; lastKnownFileType = sourcecode.c.h; path = DietTypeViewController.h; sourceTree = "<group>"; };
		AC1A54421BDF39A50095B087 /* DietTypeViewController.m */ = {isa = PBXFileReference; fileEncoding = 4; lastKnownFileType = sourcecode.c.objc; path = DietTypeViewController.m; sourceTree = "<group>"; };
		ACDDC2AB1BDEBF5000C8AA7F /* SetLocationViewController.h */ = {isa = PBXFileReference; fileEncoding = 4; lastKnownFileType = sourcecode.c.h; path = SetLocationViewController.h; sourceTree = "<group>"; };
		ACDDC2AC1BDEBF5000C8AA7F /* SetLocationViewController.m */ = {isa = PBXFileReference; fileEncoding = 4; lastKnownFileType = sourcecode.c.objc; path = SetLocationViewController.m; sourceTree = "<group>"; };
		ACFD77631BDDC3E500511AD3 /* PostPhotoViewController.h */ = {isa = PBXFileReference; fileEncoding = 4; lastKnownFileType = sourcecode.c.h; path = PostPhotoViewController.h; sourceTree = "<group>"; };
		ACFD77641BDDC3E500511AD3 /* PostPhotoViewController.m */ = {isa = PBXFileReference; fileEncoding = 4; lastKnownFileType = sourcecode.c.objc; path = PostPhotoViewController.m; sourceTree = "<group>"; };
		CD3A9A5A1BE19F1800C840BA /* LoginInformation.h */ = {isa = PBXFileReference; fileEncoding = 4; lastKnownFileType = sourcecode.c.h; path = LoginInformation.h; sourceTree = "<group>"; };
		CD3A9A5B1BE19F1800C840BA /* LoginInformation.m */ = {isa = PBXFileReference; fileEncoding = 4; lastKnownFileType = sourcecode.c.objc; path = LoginInformation.m; sourceTree = "<group>"; };
		CD3A9A601BE1CA9A00C840BA /* RegistrationViewController.h */ = {isa = PBXFileReference; fileEncoding = 4; lastKnownFileType = sourcecode.c.h; path = RegistrationViewController.h; sourceTree = "<group>"; };
		CD3A9A611BE1CA9A00C840BA /* RegistrationViewController.m */ = {isa = PBXFileReference; fileEncoding = 4; lastKnownFileType = sourcecode.c.objc; path = RegistrationViewController.m; sourceTree = "<group>"; };
		CD8CABCE1BE0159A00E9B48C /* TrendingTableViewCell.h */ = {isa = PBXFileReference; fileEncoding = 4; lastKnownFileType = sourcecode.c.h; path = TrendingTableViewCell.h; sourceTree = "<group>"; };
		CD8CABCF1BE0159A00E9B48C /* TrendingTableViewCell.m */ = {isa = PBXFileReference; fileEncoding = 4; lastKnownFileType = sourcecode.c.objc; path = TrendingTableViewCell.m; sourceTree = "<group>"; };
		CD8CABD61BE06E8500E9B48C /* LoginViewController.h */ = {isa = PBXFileReference; fileEncoding = 4; lastKnownFileType = sourcecode.c.h; path = LoginViewController.h; sourceTree = "<group>"; };
		CD8CABD71BE06E8500E9B48C /* LoginViewController.m */ = {isa = PBXFileReference; fileEncoding = 4; lastKnownFileType = sourcecode.c.objc; path = LoginViewController.m; sourceTree = "<group>"; };
		CD8CABD91BE06EE100E9B48C /* LoginAndRegistration.storyboard */ = {isa = PBXFileReference; fileEncoding = 4; lastKnownFileType = file.storyboard; name = LoginAndRegistration.storyboard; path = ../LoginAndRegistration.storyboard; sourceTree = "<group>"; };
/* End PBXFileReference section */

/* Begin PBXFrameworksBuildPhase section */
		04A869C41BD99D8500D7C883 /* Frameworks */ = {
			isa = PBXFrameworksBuildPhase;
			buildActionMask = 2147483647;
			files = (
				04A86A4A1BD9A7DF00D7C883 /* Social.framework in Frameworks */,
				04A86A481BD9A7DA00D7C883 /* Accounts.framework in Frameworks */,
				048506421BDDE56300E3443E /* MapKit.framework in Frameworks */,
				04A86A461BD9A7CC00D7C883 /* libsqlite3.tbd in Frameworks */,
				04A86A441BD9A7BB00D7C883 /* libz.tbd in Frameworks */,
				04A86A421BD9A7B200D7C883 /* SystemConfiguration.framework in Frameworks */,
				04A86A401BD9A7AA00D7C883 /* StoreKit.framework in Frameworks */,
				04A86A3E1BD9A7A300D7C883 /* Security.framework in Frameworks */,
				04A86A3C1BD9A79B00D7C883 /* QuartzCore.framework in Frameworks */,
				04A86A3A1BD9A79300D7C883 /* CoreLocation.framework in Frameworks */,
				04A86A381BD9A78C00D7C883 /* CoreGraphics.framework in Frameworks */,
				04A86A361BD9A78300D7C883 /* CFNetwork.framework in Frameworks */,
				04A86A341BD9A77A00D7C883 /* AudioToolbox.framework in Frameworks */,
				04A86A2C1BD9A71300D7C883 /* Parse.framework in Frameworks */,
				04A86A2D1BD9A71300D7C883 /* ParseCrashReporting.framework in Frameworks */,
				04A86A311BD9A71300D7C883 /* ParseUI.framework in Frameworks */,
				04A86A2E1BD9A71300D7C883 /* ParseFacebookUtils.framework in Frameworks */,
				04A86A2B1BD9A71300D7C883 /* Bolts.framework in Frameworks */,
				04A86A301BD9A71300D7C883 /* ParseTwitterUtils.framework in Frameworks */,
				04A86A2F1BD9A71300D7C883 /* ParseFacebookUtilsV4.framework in Frameworks */,
			);
			runOnlyForDeploymentPostprocessing = 0;
		};
		04A869DD1BD99D8500D7C883 /* Frameworks */ = {
			isa = PBXFrameworksBuildPhase;
			buildActionMask = 2147483647;
			files = (
			);
			runOnlyForDeploymentPostprocessing = 0;
		};
		04A869E81BD99D8500D7C883 /* Frameworks */ = {
			isa = PBXFrameworksBuildPhase;
			buildActionMask = 2147483647;
			files = (
			);
			runOnlyForDeploymentPostprocessing = 0;
		};
/* End PBXFrameworksBuildPhase section */

/* Begin PBXGroup section */
		04A869BE1BD99D8500D7C883 = {
			isa = PBXGroup;
			children = (
				CD3A9A601BE1CA9A00C840BA /* RegistrationViewController.h */,
				CD3A9A611BE1CA9A00C840BA /* RegistrationViewController.m */,
				04A869C91BD99D8500D7C883 /* Dish */,
				04A869E31BD99D8500D7C883 /* DishTests */,
				04A869EE1BD99D8500D7C883 /* DishUITests */,
				04A869C81BD99D8500D7C883 /* Products */,
			);
			sourceTree = "<group>";
		};
		04A869C81BD99D8500D7C883 /* Products */ = {
			isa = PBXGroup;
			children = (
				04A869C71BD99D8500D7C883 /* Dish.app */,
				04A869E01BD99D8500D7C883 /* DishTests.xctest */,
				04A869EB1BD99D8500D7C883 /* DishUITests.xctest */,
			);
			name = Products;
			sourceTree = "<group>";
		};
		04A869C91BD99D8500D7C883 /* Dish */ = {
			isa = PBXGroup;
			children = (
				04A86A321BD9A71F00D7C883 /* Frameworks */,
				04A86A141BD9A21300D7C883 /* Model */,
				04A86A121BD9A20100D7C883 /* View */,
				04A86A131BD9A20B00D7C883 /* Controller */,
				04A869CA1BD99D8500D7C883 /* Supporting Files */,
			);
			path = Dish;
			sourceTree = "<group>";
		};
		04A869CA1BD99D8500D7C883 /* Supporting Files */ = {
			isa = PBXGroup;
			children = (
				04A869D61BD99D8500D7C883 /* Assets.xcassets */,
				04A869DB1BD99D8500D7C883 /* Info.plist */,
				04A869CD1BD99D8500D7C883 /* AppDelegate.h */,
				04A869CE1BD99D8500D7C883 /* AppDelegate.m */,
				04A869CB1BD99D8500D7C883 /* main.m */,
			);
			name = "Supporting Files";
			sourceTree = "<group>";
		};
		04A869E31BD99D8500D7C883 /* DishTests */ = {
			isa = PBXGroup;
			children = (
				04A869E41BD99D8500D7C883 /* DishTests.m */,
				04A869E61BD99D8500D7C883 /* Info.plist */,
			);
			path = DishTests;
			sourceTree = "<group>";
		};
		04A869EE1BD99D8500D7C883 /* DishUITests */ = {
			isa = PBXGroup;
			children = (
				04A869EF1BD99D8500D7C883 /* DishUITests.m */,
				04A869F11BD99D8500D7C883 /* Info.plist */,
			);
			path = DishUITests;
			sourceTree = "<group>";
		};
		04A86A121BD9A20100D7C883 /* View */ = {
			isa = PBXGroup;
			children = (
				CD8CABD91BE06EE100E9B48C /* LoginAndRegistration.storyboard */,
				04A869D31BD99D8500D7C883 /* Main.storyboard */,
				04A86A211BD9A29300D7C883 /* Feed.storyboard */,
				04A86A1E1BD9A28100D7C883 /* Trending.storyboard */,
				04A86A1B1BD9A27400D7C883 /* Camera.storyboard */,
				04A86A181BD9A25E00D7C883 /* Notifications.storyboard */,
				AC1A543B1BDEF1820095B087 /* Profile.storyboard */,
				04A869D81BD99D8500D7C883 /* LaunchScreen.storyboard */,
			);
			name = View;
			sourceTree = "<group>";
		};
		04A86A131BD9A20B00D7C883 /* Controller */ = {
			isa = PBXGroup;
			children = (
				AC7E75851BE01AEC009251A6 /* Feed */,
				04BEEF1A1BDFBFF5008A5A7D /* Profile */,
				ACFD77661BDDC3F900511AD3 /* Photo */,
				04A86A031BD99E6300D7C883 /* TrendingViewController.h */,
				04A86A041BD99E6300D7C883 /* TrendingViewController.m */,
				04A86A0C1BD99F9700D7C883 /* NotificationsViewController.h */,
				04A86A0D1BD99F9700D7C883 /* NotificationsViewController.m */,
			);
			name = Controller;
			sourceTree = "<group>";
		};
		04A86A141BD9A21300D7C883 /* Model */ = {
			isa = PBXGroup;
			children = (
				CD8CABCE1BE0159A00E9B48C /* TrendingTableViewCell.h */,
				CD8CABCF1BE0159A00E9B48C /* TrendingTableViewCell.m */,
				0485063E1BDDC1B000E3443E /* Photo.h */,
				0485063F1BDDC1B000E3443E /* Photo.m */,
				CD3A9A5A1BE19F1800C840BA /* LoginInformation.h */,
				CD3A9A5B1BE19F1800C840BA /* LoginInformation.m */,
			);
			name = Model;
			sourceTree = "<group>";
		};
		04A86A321BD9A71F00D7C883 /* Frameworks */ = {
			isa = PBXGroup;
			children = (
				048506411BDDE56300E3443E /* MapKit.framework */,
				04A86A491BD9A7DF00D7C883 /* Social.framework */,
				04A86A471BD9A7DA00D7C883 /* Accounts.framework */,
				04A86A451BD9A7CC00D7C883 /* libsqlite3.tbd */,
				04A86A431BD9A7BB00D7C883 /* libz.tbd */,
				04A86A411BD9A7B200D7C883 /* SystemConfiguration.framework */,
				04A86A3F1BD9A7AA00D7C883 /* StoreKit.framework */,
				04A86A3D1BD9A7A300D7C883 /* Security.framework */,
				04A86A3B1BD9A79B00D7C883 /* QuartzCore.framework */,
				04A86A391BD9A79300D7C883 /* CoreLocation.framework */,
				04A86A371BD9A78C00D7C883 /* CoreGraphics.framework */,
				04A86A351BD9A78300D7C883 /* CFNetwork.framework */,
				04A86A331BD9A77A00D7C883 /* AudioToolbox.framework */,
				04A86A241BD9A71300D7C883 /* Bolts.framework */,
				04A86A251BD9A71300D7C883 /* Parse.framework */,
				04A86A261BD9A71300D7C883 /* ParseCrashReporting.framework */,
				04A86A271BD9A71300D7C883 /* ParseFacebookUtils.framework */,
				04A86A281BD9A71300D7C883 /* ParseFacebookUtilsV4.framework */,
				04A86A291BD9A71300D7C883 /* ParseTwitterUtils.framework */,
				04A86A2A1BD9A71300D7C883 /* ParseUI.framework */,
			);
			name = Frameworks;
			sourceTree = "<group>";
		};
		04BEEF1A1BDFBFF5008A5A7D /* Profile */ = {
			isa = PBXGroup;
			children = (
				04A86A0F1BD99FC100D7C883 /* ProfileViewController.h */,
				04A86A101BD99FC100D7C883 /* ProfileViewController.m */,
				04014DBC1BDF1CA100C2DCC5 /* SettingsViewController.h */,
				04014DBD1BDF1CA100C2DCC5 /* SettingsViewController.m */,
				04482EFC1BE01C1F008C1CFD /* FullScreenPhotoViewController.h */,
				04482EFD1BE01C1F008C1CFD /* FullScreenPhotoViewController.m */,
				04B4B7C71BE1764B000B5990 /* CommentsViewController.h */,
				04B4B7C81BE1764B000B5990 /* CommentsViewController.m */,
			);
			name = Profile;
			sourceTree = "<group>";
		};
		AC7E75851BE01AEC009251A6 /* Feed */ = {
			isa = PBXGroup;
			children = (
				04A869FD1BD99DC900D7C883 /* FeedViewController.h */,
				04A869FE1BD99DC900D7C883 /* FeedViewController.m */,
			);
			name = Feed;
			sourceTree = "<group>";
		};
		ACFD77661BDDC3F900511AD3 /* Photo */ = {
			isa = PBXGroup;
			children = (
				CD8CABD61BE06E8500E9B48C /* LoginViewController.h */,
				CD8CABD71BE06E8500E9B48C /* LoginViewController.m */,
				AC1A54411BDF39A50095B087 /* DietTypeViewController.h */,
				AC1A54421BDF39A50095B087 /* DietTypeViewController.m */,
				AC1A543E1BDF28D80095B087 /* DishTypeViewController.h */,
				AC1A543F1BDF28D80095B087 /* DishTypeViewController.m */,
				ACDDC2AB1BDEBF5000C8AA7F /* SetLocationViewController.h */,
				ACDDC2AC1BDEBF5000C8AA7F /* SetLocationViewController.m */,
				04A86A001BD99E2B00D7C883 /* TakePhotoViewController.h */,
				04A86A011BD99E2B00D7C883 /* TakePhotoViewController.m */,
				ACFD77631BDDC3E500511AD3 /* PostPhotoViewController.h */,
				ACFD77641BDDC3E500511AD3 /* PostPhotoViewController.m */,
			);
			name = Photo;
			sourceTree = "<group>";
		};
/* End PBXGroup section */

/* Begin PBXNativeTarget section */
		04A869C61BD99D8500D7C883 /* Dish */ = {
			isa = PBXNativeTarget;
			buildConfigurationList = 04A869F41BD99D8500D7C883 /* Build configuration list for PBXNativeTarget "Dish" */;
			buildPhases = (
				04A869C31BD99D8500D7C883 /* Sources */,
				04A869C41BD99D8500D7C883 /* Frameworks */,
				04A869C51BD99D8500D7C883 /* Resources */,
			);
			buildRules = (
			);
			dependencies = (
			);
			name = Dish;
			productName = Dish;
			productReference = 04A869C71BD99D8500D7C883 /* Dish.app */;
			productType = "com.apple.product-type.application";
		};
		04A869DF1BD99D8500D7C883 /* DishTests */ = {
			isa = PBXNativeTarget;
			buildConfigurationList = 04A869F71BD99D8500D7C883 /* Build configuration list for PBXNativeTarget "DishTests" */;
			buildPhases = (
				04A869DC1BD99D8500D7C883 /* Sources */,
				04A869DD1BD99D8500D7C883 /* Frameworks */,
				04A869DE1BD99D8500D7C883 /* Resources */,
			);
			buildRules = (
			);
			dependencies = (
				04A869E21BD99D8500D7C883 /* PBXTargetDependency */,
			);
			name = DishTests;
			productName = DishTests;
			productReference = 04A869E01BD99D8500D7C883 /* DishTests.xctest */;
			productType = "com.apple.product-type.bundle.unit-test";
		};
		04A869EA1BD99D8500D7C883 /* DishUITests */ = {
			isa = PBXNativeTarget;
			buildConfigurationList = 04A869FA1BD99D8500D7C883 /* Build configuration list for PBXNativeTarget "DishUITests" */;
			buildPhases = (
				04A869E71BD99D8500D7C883 /* Sources */,
				04A869E81BD99D8500D7C883 /* Frameworks */,
				04A869E91BD99D8500D7C883 /* Resources */,
			);
			buildRules = (
			);
			dependencies = (
				04A869ED1BD99D8500D7C883 /* PBXTargetDependency */,
			);
			name = DishUITests;
			productName = DishUITests;
			productReference = 04A869EB1BD99D8500D7C883 /* DishUITests.xctest */;
			productType = "com.apple.product-type.bundle.ui-testing";
		};
/* End PBXNativeTarget section */

/* Begin PBXProject section */
		04A869BF1BD99D8500D7C883 /* Project object */ = {
			isa = PBXProject;
			attributes = {
				LastUpgradeCheck = 0700;
				ORGANIZATIONNAME = "Mobile Makers";
				TargetAttributes = {
					04A869C61BD99D8500D7C883 = {
						CreatedOnToolsVersion = 7.0.1;
						DevelopmentTeam = T85QJN383J;
						SystemCapabilities = {
							com.apple.Maps.iOS = {
								enabled = 1;
							};
						};
					};
					04A869DF1BD99D8500D7C883 = {
						CreatedOnToolsVersion = 7.0.1;
						TestTargetID = 04A869C61BD99D8500D7C883;
					};
					04A869EA1BD99D8500D7C883 = {
						CreatedOnToolsVersion = 7.0.1;
						TestTargetID = 04A869C61BD99D8500D7C883;
					};
				};
			};
			buildConfigurationList = 04A869C21BD99D8500D7C883 /* Build configuration list for PBXProject "Dish" */;
			compatibilityVersion = "Xcode 3.2";
			developmentRegion = English;
			hasScannedForEncodings = 0;
			knownRegions = (
				en,
				Base,
			);
			mainGroup = 04A869BE1BD99D8500D7C883;
			productRefGroup = 04A869C81BD99D8500D7C883 /* Products */;
			projectDirPath = "";
			projectRoot = "";
			targets = (
				04A869C61BD99D8500D7C883 /* Dish */,
				04A869DF1BD99D8500D7C883 /* DishTests */,
				04A869EA1BD99D8500D7C883 /* DishUITests */,
			);
		};
/* End PBXProject section */

/* Begin PBXResourcesBuildPhase section */
		04A869C51BD99D8500D7C883 /* Resources */ = {
			isa = PBXResourcesBuildPhase;
			buildActionMask = 2147483647;
			files = (
				CD8CABDA1BE06EE100E9B48C /* LoginAndRegistration.storyboard in Resources */,
				04A869DA1BD99D8500D7C883 /* LaunchScreen.storyboard in Resources */,
				04A86A1D1BD9A27400D7C883 /* Camera.storyboard in Resources */,
				AC1A543D1BDEF1820095B087 /* Profile.storyboard in Resources */,
				04A86A231BD9A29300D7C883 /* Feed.storyboard in Resources */,
				04A86A1A1BD9A25E00D7C883 /* Notifications.storyboard in Resources */,
				04A869D71BD99D8500D7C883 /* Assets.xcassets in Resources */,
				04A86A201BD9A28100D7C883 /* Trending.storyboard in Resources */,
				04A869D51BD99D8500D7C883 /* Main.storyboard in Resources */,
			);
			runOnlyForDeploymentPostprocessing = 0;
		};
		04A869DE1BD99D8500D7C883 /* Resources */ = {
			isa = PBXResourcesBuildPhase;
			buildActionMask = 2147483647;
			files = (
			);
			runOnlyForDeploymentPostprocessing = 0;
		};
		04A869E91BD99D8500D7C883 /* Resources */ = {
			isa = PBXResourcesBuildPhase;
			buildActionMask = 2147483647;
			files = (
			);
			runOnlyForDeploymentPostprocessing = 0;
		};
/* End PBXResourcesBuildPhase section */

/* Begin PBXSourcesBuildPhase section */
		04A869C31BD99D8500D7C883 /* Sources */ = {
			isa = PBXSourcesBuildPhase;
			buildActionMask = 2147483647;
			files = (
				04A869CF1BD99D8500D7C883 /* AppDelegate.m in Sources */,
				04A86A051BD99E6300D7C883 /* TrendingViewController.m in Sources */,
				04A869FF1BD99DC900D7C883 /* FeedViewController.m in Sources */,
				ACFD77651BDDC3E500511AD3 /* PostPhotoViewController.m in Sources */,
				CD3A9A5C1BE19F1800C840BA /* LoginInformation.m in Sources */,
				04A86A021BD99E2B00D7C883 /* TakePhotoViewController.m in Sources */,
				048506401BDDC1B000E3443E /* Photo.m in Sources */,
				CD8CABD01BE0159A00E9B48C /* TrendingTableViewCell.m in Sources */,
				AC1A54431BDF39A50095B087 /* DietTypeViewController.m in Sources */,
				CD8CABD81BE06E8500E9B48C /* LoginViewController.m in Sources */,
				04B4B7C91BE1764B000B5990 /* CommentsViewController.m in Sources */,
				04A86A111BD99FC100D7C883 /* ProfileViewController.m in Sources */,
				AC1A54401BDF28D80095B087 /* DishTypeViewController.m in Sources */,
				04A869CC1BD99D8500D7C883 /* main.m in Sources */,
				04014DBE1BDF1CA100C2DCC5 /* SettingsViewController.m in Sources */,
				04A86A0E1BD99F9700D7C883 /* NotificationsViewController.m in Sources */,
				04482EFE1BE01C1F008C1CFD /* FullScreenPhotoViewController.m in Sources */,
				CD3A9A621BE1CA9A00C840BA /* RegistrationViewController.m in Sources */,
				ACDDC2AD1BDEBF5000C8AA7F /* SetLocationViewController.m in Sources */,
			);
			runOnlyForDeploymentPostprocessing = 0;
		};
		04A869DC1BD99D8500D7C883 /* Sources */ = {
			isa = PBXSourcesBuildPhase;
			buildActionMask = 2147483647;
			files = (
				04A869E51BD99D8500D7C883 /* DishTests.m in Sources */,
			);
			runOnlyForDeploymentPostprocessing = 0;
		};
		04A869E71BD99D8500D7C883 /* Sources */ = {
			isa = PBXSourcesBuildPhase;
			buildActionMask = 2147483647;
			files = (
				04A869F01BD99D8500D7C883 /* DishUITests.m in Sources */,
			);
			runOnlyForDeploymentPostprocessing = 0;
		};
/* End PBXSourcesBuildPhase section */

/* Begin PBXTargetDependency section */
		04A869E21BD99D8500D7C883 /* PBXTargetDependency */ = {
			isa = PBXTargetDependency;
			target = 04A869C61BD99D8500D7C883 /* Dish */;
			targetProxy = 04A869E11BD99D8500D7C883 /* PBXContainerItemProxy */;
		};
		04A869ED1BD99D8500D7C883 /* PBXTargetDependency */ = {
			isa = PBXTargetDependency;
			target = 04A869C61BD99D8500D7C883 /* Dish */;
			targetProxy = 04A869EC1BD99D8500D7C883 /* PBXContainerItemProxy */;
		};
/* End PBXTargetDependency section */

/* Begin PBXVariantGroup section */
		04A869D31BD99D8500D7C883 /* Main.storyboard */ = {
			isa = PBXVariantGroup;
			children = (
				04A869D41BD99D8500D7C883 /* Base */,
			);
			name = Main.storyboard;
			sourceTree = "<group>";
		};
		04A869D81BD99D8500D7C883 /* LaunchScreen.storyboard */ = {
			isa = PBXVariantGroup;
			children = (
				04A869D91BD99D8500D7C883 /* Base */,
			);
			name = LaunchScreen.storyboard;
			sourceTree = "<group>";
		};
		04A86A181BD9A25E00D7C883 /* Notifications.storyboard */ = {
			isa = PBXVariantGroup;
			children = (
				04A86A191BD9A25E00D7C883 /* Base */,
			);
			name = Notifications.storyboard;
			sourceTree = "<group>";
		};
		04A86A1B1BD9A27400D7C883 /* Camera.storyboard */ = {
			isa = PBXVariantGroup;
			children = (
				04A86A1C1BD9A27400D7C883 /* Base */,
			);
			name = Camera.storyboard;
			sourceTree = "<group>";
		};
		04A86A1E1BD9A28100D7C883 /* Trending.storyboard */ = {
			isa = PBXVariantGroup;
			children = (
				04A86A1F1BD9A28100D7C883 /* Base */,
			);
			name = Trending.storyboard;
			sourceTree = "<group>";
		};
		04A86A211BD9A29300D7C883 /* Feed.storyboard */ = {
			isa = PBXVariantGroup;
			children = (
				04A86A221BD9A29300D7C883 /* Base */,
			);
			name = Feed.storyboard;
			sourceTree = "<group>";
		};
		AC1A543B1BDEF1820095B087 /* Profile.storyboard */ = {
			isa = PBXVariantGroup;
			children = (
				AC1A543C1BDEF1820095B087 /* Base */,
			);
			name = Profile.storyboard;
			sourceTree = "<group>";
		};
/* End PBXVariantGroup section */

/* Begin XCBuildConfiguration section */
		04A869F21BD99D8500D7C883 /* Debug */ = {
			isa = XCBuildConfiguration;
			buildSettings = {
				ALWAYS_SEARCH_USER_PATHS = NO;
				CLANG_CXX_LANGUAGE_STANDARD = "gnu++0x";
				CLANG_CXX_LIBRARY = "libc++";
				CLANG_ENABLE_MODULES = YES;
				CLANG_ENABLE_OBJC_ARC = YES;
				CLANG_WARN_BOOL_CONVERSION = YES;
				CLANG_WARN_CONSTANT_CONVERSION = YES;
				CLANG_WARN_DIRECT_OBJC_ISA_USAGE = YES_ERROR;
				CLANG_WARN_EMPTY_BODY = YES;
				CLANG_WARN_ENUM_CONVERSION = YES;
				CLANG_WARN_INT_CONVERSION = YES;
				CLANG_WARN_OBJC_ROOT_CLASS = YES_ERROR;
				CLANG_WARN_UNREACHABLE_CODE = YES;
				CLANG_WARN__DUPLICATE_METHOD_MATCH = YES;
				"CODE_SIGN_IDENTITY[sdk=iphoneos*]" = "iPhone Developer";
				COPY_PHASE_STRIP = NO;
				DEBUG_INFORMATION_FORMAT = dwarf;
				ENABLE_STRICT_OBJC_MSGSEND = YES;
				ENABLE_TESTABILITY = YES;
				GCC_C_LANGUAGE_STANDARD = gnu99;
				GCC_DYNAMIC_NO_PIC = NO;
				GCC_NO_COMMON_BLOCKS = YES;
				GCC_OPTIMIZATION_LEVEL = 0;
				GCC_PREPROCESSOR_DEFINITIONS = (
					"DEBUG=1",
					"$(inherited)",
				);
				GCC_WARN_64_TO_32_BIT_CONVERSION = YES;
				GCC_WARN_ABOUT_RETURN_TYPE = YES_ERROR;
				GCC_WARN_UNDECLARED_SELECTOR = YES;
				GCC_WARN_UNINITIALIZED_AUTOS = YES_AGGRESSIVE;
				GCC_WARN_UNUSED_FUNCTION = YES;
				GCC_WARN_UNUSED_VARIABLE = YES;
				IPHONEOS_DEPLOYMENT_TARGET = 9.0;
				MTL_ENABLE_DEBUG_INFO = YES;
				ONLY_ACTIVE_ARCH = YES;
				SDKROOT = iphoneos;
			};
			name = Debug;
		};
		04A869F31BD99D8500D7C883 /* Release */ = {
			isa = XCBuildConfiguration;
			buildSettings = {
				ALWAYS_SEARCH_USER_PATHS = NO;
				CLANG_CXX_LANGUAGE_STANDARD = "gnu++0x";
				CLANG_CXX_LIBRARY = "libc++";
				CLANG_ENABLE_MODULES = YES;
				CLANG_ENABLE_OBJC_ARC = YES;
				CLANG_WARN_BOOL_CONVERSION = YES;
				CLANG_WARN_CONSTANT_CONVERSION = YES;
				CLANG_WARN_DIRECT_OBJC_ISA_USAGE = YES_ERROR;
				CLANG_WARN_EMPTY_BODY = YES;
				CLANG_WARN_ENUM_CONVERSION = YES;
				CLANG_WARN_INT_CONVERSION = YES;
				CLANG_WARN_OBJC_ROOT_CLASS = YES_ERROR;
				CLANG_WARN_UNREACHABLE_CODE = YES;
				CLANG_WARN__DUPLICATE_METHOD_MATCH = YES;
				"CODE_SIGN_IDENTITY[sdk=iphoneos*]" = "iPhone Developer";
				COPY_PHASE_STRIP = NO;
				DEBUG_INFORMATION_FORMAT = "dwarf-with-dsym";
				ENABLE_NS_ASSERTIONS = NO;
				ENABLE_STRICT_OBJC_MSGSEND = YES;
				GCC_C_LANGUAGE_STANDARD = gnu99;
				GCC_NO_COMMON_BLOCKS = YES;
				GCC_WARN_64_TO_32_BIT_CONVERSION = YES;
				GCC_WARN_ABOUT_RETURN_TYPE = YES_ERROR;
				GCC_WARN_UNDECLARED_SELECTOR = YES;
				GCC_WARN_UNINITIALIZED_AUTOS = YES_AGGRESSIVE;
				GCC_WARN_UNUSED_FUNCTION = YES;
				GCC_WARN_UNUSED_VARIABLE = YES;
				IPHONEOS_DEPLOYMENT_TARGET = 9.0;
				MTL_ENABLE_DEBUG_INFO = NO;
				SDKROOT = iphoneos;
				VALIDATE_PRODUCT = YES;
			};
			name = Release;
		};
		04A869F51BD99D8500D7C883 /* Debug */ = {
			isa = XCBuildConfiguration;
			buildSettings = {
				ASSETCATALOG_COMPILER_APPICON_NAME = AppIcon;
				CODE_SIGN_IDENTITY = "iPhone Developer";
				"CODE_SIGN_IDENTITY[sdk=iphoneos*]" = "iPhone Developer";
				FRAMEWORK_SEARCH_PATHS = (
					"$(inherited)",
					"$(PROJECT_DIR)/Dish",
				);
				INFOPLIST_FILE = Dish/Info.plist;
				LD_RUNPATH_SEARCH_PATHS = "$(inherited) @executable_path/Frameworks";
				PRODUCT_BUNDLE_IDENTIFIER = mobilemakers.Dish;
				PRODUCT_NAME = "$(TARGET_NAME)";
				PROVISIONING_PROFILE = "";
			};
			name = Debug;
		};
		04A869F61BD99D8500D7C883 /* Release */ = {
			isa = XCBuildConfiguration;
			buildSettings = {
				ASSETCATALOG_COMPILER_APPICON_NAME = AppIcon;
				CODE_SIGN_IDENTITY = "iPhone Developer";
				"CODE_SIGN_IDENTITY[sdk=iphoneos*]" = "iPhone Developer";
				FRAMEWORK_SEARCH_PATHS = (
					"$(inherited)",
					"$(PROJECT_DIR)/Dish",
				);
				INFOPLIST_FILE = Dish/Info.plist;
				LD_RUNPATH_SEARCH_PATHS = "$(inherited) @executable_path/Frameworks";
				PRODUCT_BUNDLE_IDENTIFIER = mobilemakers.Dish;
				PRODUCT_NAME = "$(TARGET_NAME)";
				PROVISIONING_PROFILE = "";
			};
			name = Release;
		};
		04A869F81BD99D8500D7C883 /* Debug */ = {
			isa = XCBuildConfiguration;
			buildSettings = {
				BUNDLE_LOADER = "$(TEST_HOST)";
				INFOPLIST_FILE = DishTests/Info.plist;
				LD_RUNPATH_SEARCH_PATHS = "$(inherited) @executable_path/Frameworks @loader_path/Frameworks";
				PRODUCT_BUNDLE_IDENTIFIER = mobilemakers.DishTests;
				PRODUCT_NAME = "$(TARGET_NAME)";
				TEST_HOST = "$(BUILT_PRODUCTS_DIR)/Dish.app/Dish";
			};
			name = Debug;
		};
		04A869F91BD99D8500D7C883 /* Release */ = {
			isa = XCBuildConfiguration;
			buildSettings = {
				BUNDLE_LOADER = "$(TEST_HOST)";
				INFOPLIST_FILE = DishTests/Info.plist;
				LD_RUNPATH_SEARCH_PATHS = "$(inherited) @executable_path/Frameworks @loader_path/Frameworks";
				PRODUCT_BUNDLE_IDENTIFIER = mobilemakers.DishTests;
				PRODUCT_NAME = "$(TARGET_NAME)";
				TEST_HOST = "$(BUILT_PRODUCTS_DIR)/Dish.app/Dish";
			};
			name = Release;
		};
		04A869FB1BD99D8500D7C883 /* Debug */ = {
			isa = XCBuildConfiguration;
			buildSettings = {
				INFOPLIST_FILE = DishUITests/Info.plist;
				LD_RUNPATH_SEARCH_PATHS = "$(inherited) @executable_path/Frameworks @loader_path/Frameworks";
				PRODUCT_BUNDLE_IDENTIFIER = mobilemakers.DishUITests;
				PRODUCT_NAME = "$(TARGET_NAME)";
				TEST_TARGET_NAME = Dish;
				USES_XCTRUNNER = YES;
			};
			name = Debug;
		};
		04A869FC1BD99D8500D7C883 /* Release */ = {
			isa = XCBuildConfiguration;
			buildSettings = {
				INFOPLIST_FILE = DishUITests/Info.plist;
				LD_RUNPATH_SEARCH_PATHS = "$(inherited) @executable_path/Frameworks @loader_path/Frameworks";
				PRODUCT_BUNDLE_IDENTIFIER = mobilemakers.DishUITests;
				PRODUCT_NAME = "$(TARGET_NAME)";
				TEST_TARGET_NAME = Dish;
				USES_XCTRUNNER = YES;
			};
			name = Release;
		};
/* End XCBuildConfiguration section */

/* Begin XCConfigurationList section */
		04A869C21BD99D8500D7C883 /* Build configuration list for PBXProject "Dish" */ = {
			isa = XCConfigurationList;
			buildConfigurations = (
				04A869F21BD99D8500D7C883 /* Debug */,
				04A869F31BD99D8500D7C883 /* Release */,
			);
			defaultConfigurationIsVisible = 0;
			defaultConfigurationName = Release;
		};
		04A869F41BD99D8500D7C883 /* Build configuration list for PBXNativeTarget "Dish" */ = {
			isa = XCConfigurationList;
			buildConfigurations = (
				04A869F51BD99D8500D7C883 /* Debug */,
				04A869F61BD99D8500D7C883 /* Release */,
			);
			defaultConfigurationIsVisible = 0;
			defaultConfigurationName = Release;
		};
		04A869F71BD99D8500D7C883 /* Build configuration list for PBXNativeTarget "DishTests" */ = {
			isa = XCConfigurationList;
			buildConfigurations = (
				04A869F81BD99D8500D7C883 /* Debug */,
				04A869F91BD99D8500D7C883 /* Release */,
			);
			defaultConfigurationIsVisible = 0;
			defaultConfigurationName = Release;
		};
		04A869FA1BD99D8500D7C883 /* Build configuration list for PBXNativeTarget "DishUITests" */ = {
			isa = XCConfigurationList;
			buildConfigurations = (
				04A869FB1BD99D8500D7C883 /* Debug */,
				04A869FC1BD99D8500D7C883 /* Release */,
			);
			defaultConfigurationIsVisible = 0;
			defaultConfigurationName = Release;
		};
/* End XCConfigurationList section */
	};
	rootObject = 04A869BF1BD99D8500D7C883 /* Project object */;
}
